
Microsoft Visual Studio Solution File, Format Version 12.00
# Visual Studio Version 17
VisualStudioVersion = 17.9.34728.123
MinimumVisualStudioVersion = 10.0.40219.1
Project("{9A19103F-16F7-4668-BE54-9A1E7A4F7556}") = "SeriesTracker.API", "SeriesTracker.API\SeriesTracker.API.csproj", "{AF154567-C620-487C-BD1B-1764EA969E69}"
EndProject
Project("{9A19103F-16F7-4668-BE54-9A1E7A4F7556}") = "SeriesTracker.Core", "SeriesTracker.Core\SeriesTracker.Core.csproj", "{1BFAAB40-74DD-4C2D-B126-C62C203616B8}"
EndProject
Project("{9A19103F-16F7-4668-BE54-9A1E7A4F7556}") = "SeriesTracker.DataAccess", "SeriesTracker.DataAccess\SeriesTracker.DataAccess.csproj", "{6C4657B0-83FE-48CB-BEBC-CE51642D305F}"
EndProject
Project("{9A19103F-16F7-4668-BE54-9A1E7A4F7556}") = "SeriesTracker.Application", "SeriesTracker.Application\SeriesTracker.Application.csproj", "{A45361B8-6C47-450D-A4BD-CEB3577F9094}"
EndProject
Project("{9A19103F-16F7-4668-BE54-9A1E7A4F7556}") = "SeriesTracker.Infrastructure", "SeriesTracker.Infrastructure\SeriesTracker.Infrastructure.csproj", "{70D1AC74-17B2-4E9A-B952-0BC15C2EAE43}"
EndProject
Project("{9A19103F-16F7-4668-BE54-9A1E7A4F7556}") = "SeriesTracker.UnitTests", "SeriesTracker.Tests\SeriesTracker.UnitTests.csproj", "{6DAE9A27-6EA0-4392-8EED-FA9EDDD9C14A}"
	ProjectSection(ProjectDependencies) = postProject
		{1BFAAB40-74DD-4C2D-B126-C62C203616B8} = {1BFAAB40-74DD-4C2D-B126-C62C203616B8}
		{70D1AC74-17B2-4E9A-B952-0BC15C2EAE43} = {70D1AC74-17B2-4E9A-B952-0BC15C2EAE43}
		{A45361B8-6C47-450D-A4BD-CEB3577F9094} = {A45361B8-6C47-450D-A4BD-CEB3577F9094}
		{AF154567-C620-487C-BD1B-1764EA969E69} = {AF154567-C620-487C-BD1B-1764EA969E69}
	EndProjectSection
EndProject
Project("{9A19103F-16F7-4668-BE54-9A1E7A4F7556}") = "SeriesTracker.IntegrationTests", "SeriesTracker.IntegrationTests\SeriesTracker.IntegrationTests.csproj", "{F3F3FC90-E577-4761-94C6-790FDCA9C46C}"
EndProject
Project("{2150E333-8FDC-42A3-9474-1A3956D46DE8}") = "screenshots", "screenshots", "{E7650857-5330-4A8A-A87F-5B774FFA77C5}"
EndProject
Project("{2150E333-8FDC-42A3-9474-1A3956D46DE8}") = "full", "full", "{D55583AE-7B41-4393-8A67-D4B46883D5A8}"
	ProjectSection(SolutionItems) = preProject
		..\..\..\Pictures\Screenshots\full\calendar_full.png = ..\..\..\Pictures\Screenshots\full\calendar_full.png
		..\..\..\Pictures\Screenshots\full\categories_full.png = ..\..\..\Pictures\Screenshots\full\categories_full.png
		..\..\..\Pictures\Screenshots\full\detail_full.png = ..\..\..\Pictures\Screenshots\full\detail_full.png
		..\..\..\Pictures\Screenshots\full\edituser_full.png = ..\..\..\Pictures\Screenshots\full\edituser_full.png
		..\..\..\Pictures\Screenshots\full\filter_full.png = ..\..\..\Pictures\Screenshots\full\filter_full.png
		..\..\..\Pictures\Screenshots\full\login_full.png = ..\..\..\Pictures\Screenshots\full\login_full.png
		..\..\..\Pictures\Screenshots\full\mainpage_full.png = ..\..\..\Pictures\Screenshots\full\mainpage_full.png
		..\..\..\Pictures\Screenshots\full\register_full.png = ..\..\..\Pictures\Screenshots\full\register_full.png
		..\..\..\Pictures\Screenshots\full\rules_full.png = ..\..\..\Pictures\Screenshots\full\rules_full.png
		..\..\..\Pictures\Screenshots\full\userpage_full.png = ..\..\..\Pictures\Screenshots\full\userpage_full.png
		..\..\..\Pictures\Screenshots\full\userseries_full.png = ..\..\..\Pictures\Screenshots\full\userseries_full.png
		..\..\..\Pictures\Screenshots\full\users_full.png = ..\..\..\Pictures\Screenshots\full\users_full.png
	EndProjectSection
EndProject
Project("{2150E333-8FDC-42A3-9474-1A3956D46DE8}") = "mobile", "mobile", "{3FE56F23-4595-412B-A836-E7DFA2B806B6}"
	ProjectSection(SolutionItems) = preProject
		..\..\..\Pictures\Screenshots\mobile\calendar_mobile.png = ..\..\..\Pictures\Screenshots\mobile\calendar_mobile.png
		..\..\..\Pictures\Screenshots\mobile\categories_mobile.png = ..\..\..\Pictures\Screenshots\mobile\categories_mobile.png
		..\..\..\Pictures\Screenshots\mobile\detail_mobile.png = ..\..\..\Pictures\Screenshots\mobile\detail_mobile.png
		..\..\..\Pictures\Screenshots\mobile\edituser_mobile.png = ..\..\..\Pictures\Screenshots\mobile\edituser_mobile.png
		..\..\..\Pictures\Screenshots\mobile\filter_mobile.png = ..\..\..\Pictures\Screenshots\mobile\filter_mobile.png
		..\..\..\Pictures\Screenshots\mobile\login_mobile.png = ..\..\..\Pictures\Screenshots\mobile\login_mobile.png
		..\..\..\Pictures\Screenshots\mobile\mainpage_mobile.png = ..\..\..\Pictures\Screenshots\mobile\mainpage_mobile.png
		..\..\..\Pictures\Screenshots\mobile\register_mobile.png = ..\..\..\Pictures\Screenshots\mobile\register_mobile.png
		..\..\..\Pictures\Screenshots\mobile\rules_mobile.png = ..\..\..\Pictures\Screenshots\mobile\rules_mobile.png
		..\..\..\Pictures\Screenshots\mobile\userpage_mobile.png = ..\..\..\Pictures\Screenshots\mobile\userpage_mobile.png
		..\..\..\Pictures\Screenshots\mobile\userseries_mobile.png = ..\..\..\Pictures\Screenshots\mobile\userseries_mobile.png
		..\..\..\Pictures\Screenshots\mobile\users_mobile.png = ..\..\..\Pictures\Screenshots\mobile\users_mobile.png
	EndProjectSection
EndProject
Global
	GlobalSection(SolutionConfigurationPlatforms) = preSolution
		Debug|Any CPU = Debug|Any CPU
		Release|Any CPU = Release|Any CPU
	EndGlobalSection
	GlobalSection(ProjectConfigurationPlatforms) = postSolution
		{AF154567-C620-487C-BD1B-1764EA969E69}.Debug|Any CPU.ActiveCfg = Debug|Any CPU
		{AF154567-C620-487C-BD1B-1764EA969E69}.Debug|Any CPU.Build.0 = Debug|Any CPU
		{AF154567-C620-487C-BD1B-1764EA969E69}.Release|Any CPU.ActiveCfg = Release|Any CPU
		{AF154567-C620-487C-BD1B-1764EA969E69}.Release|Any CPU.Build.0 = Release|Any CPU
		{1BFAAB40-74DD-4C2D-B126-C62C203616B8}.Debug|Any CPU.ActiveCfg = Debug|Any CPU
		{1BFAAB40-74DD-4C2D-B126-C62C203616B8}.Debug|Any CPU.Build.0 = Debug|Any CPU
		{1BFAAB40-74DD-4C2D-B126-C62C203616B8}.Release|Any CPU.ActiveCfg = Release|Any CPU
		{1BFAAB40-74DD-4C2D-B126-C62C203616B8}.Release|Any CPU.Build.0 = Release|Any CPU
		{6C4657B0-83FE-48CB-BEBC-CE51642D305F}.Debug|Any CPU.ActiveCfg = Debug|Any CPU
		{6C4657B0-83FE-48CB-BEBC-CE51642D305F}.Debug|Any CPU.Build.0 = Debug|Any CPU
		{6C4657B0-83FE-48CB-BEBC-CE51642D305F}.Release|Any CPU.ActiveCfg = Release|Any CPU
		{6C4657B0-83FE-48CB-BEBC-CE51642D305F}.Release|Any CPU.Build.0 = Release|Any CPU
		{A45361B8-6C47-450D-A4BD-CEB3577F9094}.Debug|Any CPU.ActiveCfg = Debug|Any CPU
		{A45361B8-6C47-450D-A4BD-CEB3577F9094}.Debug|Any CPU.Build.0 = Debug|Any CPU
		{A45361B8-6C47-450D-A4BD-CEB3577F9094}.Release|Any CPU.ActiveCfg = Release|Any CPU
		{A45361B8-6C47-450D-A4BD-CEB3577F9094}.Release|Any CPU.Build.0 = Release|Any CPU
		{70D1AC74-17B2-4E9A-B952-0BC15C2EAE43}.Debug|Any CPU.ActiveCfg = Debug|Any CPU
		{70D1AC74-17B2-4E9A-B952-0BC15C2EAE43}.Debug|Any CPU.Build.0 = Debug|Any CPU
		{70D1AC74-17B2-4E9A-B952-0BC15C2EAE43}.Release|Any CPU.ActiveCfg = Release|Any CPU
		{70D1AC74-17B2-4E9A-B952-0BC15C2EAE43}.Release|Any CPU.Build.0 = Release|Any CPU
		{6DAE9A27-6EA0-4392-8EED-FA9EDDD9C14A}.Debug|Any CPU.ActiveCfg = Debug|Any CPU
		{6DAE9A27-6EA0-4392-8EED-FA9EDDD9C14A}.Debug|Any CPU.Build.0 = Debug|Any CPU
		{6DAE9A27-6EA0-4392-8EED-FA9EDDD9C14A}.Release|Any CPU.ActiveCfg = Release|Any CPU
		{6DAE9A27-6EA0-4392-8EED-FA9EDDD9C14A}.Release|Any CPU.Build.0 = Release|Any CPU
		{F3F3FC90-E577-4761-94C6-790FDCA9C46C}.Debug|Any CPU.ActiveCfg = Debug|Any CPU
		{F3F3FC90-E577-4761-94C6-790FDCA9C46C}.Debug|Any CPU.Build.0 = Debug|Any CPU
		{F3F3FC90-E577-4761-94C6-790FDCA9C46C}.Release|Any CPU.ActiveCfg = Release|Any CPU
		{F3F3FC90-E577-4761-94C6-790FDCA9C46C}.Release|Any CPU.Build.0 = Release|Any CPU
	EndGlobalSection
	GlobalSection(SolutionProperties) = preSolution
		HideSolutionNode = FALSE
	EndGlobalSection
	GlobalSection(NestedProjects) = preSolution
		{D55583AE-7B41-4393-8A67-D4B46883D5A8} = {E7650857-5330-4A8A-A87F-5B774FFA77C5}
		{3FE56F23-4595-412B-A836-E7DFA2B806B6} = {E7650857-5330-4A8A-A87F-5B774FFA77C5}
	EndGlobalSection
	GlobalSection(ExtensibilityGlobals) = postSolution
		SolutionGuid = {AEDD0F87-8FF7-437D-934E-B76F422FC2C4}
	EndGlobalSection
EndGlobal
